<Solution>
  <Folder Name="/samples/">
    <Project Path="BlazorVirtualize.Demo/BlazorVirtualize.Demo.csproj" />
  </Folder>
  <Folder Name="/src/">
    <Project Path="BlazorVirtualize/BlazorVirtualize.csproj" />
  </Folder>
  <Folder Name="/tests/">
    <Project Path="BlazorVirtualize.Tests/BlazorVirtualize.Tests.csproj" />
  </Folder>
</Solution>
